
Microsoft Visual Studio Solution File, Format Version 12.00
# Visual Studio 15
VisualStudioVersion = 15.0.27130.2027
MinimumVisualStudioVersion = 10.0.40219.1
Project("{FAE04EC0-301F-11D3-BF4B-00C04F79EFBC}") = "AWLike.Android", "AWLike\AWLike.Android\AWLike.Android.csproj", "{ACE6FCB7-06A8-4A0E-9B7A-26DEC1260218}"
EndProject
Project("{FAE04EC0-301F-11D3-BF4B-00C04F79EFBC}") = "AWLike.iOS", "AWLike\AWLike.iOS\AWLike.iOS.csproj", "{CE2E040E-8246-40B7-8C41-737CEEC1D275}"
EndProject
Project("{FAE04EC0-301F-11D3-BF4B-00C04F79EFBC}") = "AWLike.UWP", "AWLike\AWLike.UWP\AWLike.UWP.csproj", "{A76F1A6C-38A9-46F1-AF28-B6B9B777AFB4}"
EndProject
Project("{FAE04EC0-301F-11D3-BF4B-00C04F79EFBC}") = "AWLike", "AWLike\AWLike\AWLike.csproj", "{C7284957-1E7A-4264-B539-721D310960CB}"
EndProject
Global
	GlobalSection(SolutionConfigurationPlatforms) = preSolution
		Ad-Hoc|Any CPU = Ad-Hoc|Any CPU
		Ad-Hoc|ARM = Ad-Hoc|ARM
		Ad-Hoc|iPhone = Ad-Hoc|iPhone
		Ad-Hoc|iPhoneSimulator = Ad-Hoc|iPhoneSimulator
		Ad-Hoc|x64 = Ad-Hoc|x64
		Ad-Hoc|x86 = Ad-Hoc|x86
		AppStore|Any CPU = AppStore|Any CPU
		AppStore|ARM = AppStore|ARM
		AppStore|iPhone = AppStore|iPhone
		AppStore|iPhoneSimulator = AppStore|iPhoneSimulator
		AppStore|x64 = AppStore|x64
		AppStore|x86 = AppStore|x86
		Debug|Any CPU = Debug|Any CPU
		Debug|ARM = Debug|ARM
		Debug|iPhone = Debug|iPhone
		Debug|iPhoneSimulator = Debug|iPhoneSimulator
		Debug|x64 = Debug|x64
		Debug|x86 = Debug|x86
		Release|Any CPU = Release|Any CPU
		Release|ARM = Release|ARM
		Release|iPhone = Release|iPhone
		Release|iPhoneSimulator = Release|iPhoneSimulator
		Release|x64 = Release|x64
		Release|x86 = Release|x86
	EndGlobalSection
	GlobalSection(ProjectConfigurationPlatforms) = postSolution
		{ACE6FCB7-06A8-4A0E-9B7A-26DEC1260218}.Ad-Hoc|Any CPU.ActiveCfg = Release|Any CPU
		{ACE6FCB7-06A8-4A0E-9B7A-26DEC1260218}.Ad-Hoc|Any CPU.Build.0 = Release|Any CPU
		{ACE6FCB7-06A8-4A0E-9B7A-26DEC1260218}.Ad-Hoc|Any CPU.Deploy.0 = Release|Any CPU
		{ACE6FCB7-06A8-4A0E-9B7A-26DEC1260218}.Ad-Hoc|ARM.ActiveCfg = Release|Any CPU
		{ACE6FCB7-06A8-4A0E-9B7A-26DEC1260218}.Ad-Hoc|ARM.Build.0 = Release|Any CPU
		{ACE6FCB7-06A8-4A0E-9B7A-26DEC1260218}.Ad-Hoc|ARM.Deploy.0 = Release|Any CPU
		{ACE6FCB7-06A8-4A0E-9B7A-26DEC1260218}.Ad-Hoc|iPhone.ActiveCfg = Release|Any CPU
		{ACE6FCB7-06A8-4A0E-9B7A-26DEC1260218}.Ad-Hoc|iPhone.Build.0 = Release|Any CPU
		{ACE6FCB7-06A8-4A0E-9B7A-26DEC1260218}.Ad-Hoc|iPhone.Deploy.0 = Release|Any CPU
		{ACE6FCB7-06A8-4A0E-9B7A-26DEC1260218}.Ad-Hoc|iPhoneSimulator.ActiveCfg = Release|Any CPU
		{ACE6FCB7-06A8-4A0E-9B7A-26DEC1260218}.Ad-Hoc|iPhoneSimulator.Build.0 = Release|Any CPU
		{ACE6FCB7-06A8-4A0E-9B7A-26DEC1260218}.Ad-Hoc|iPhoneSimulator.Deploy.0 = Release|Any CPU
		{ACE6FCB7-06A8-4A0E-9B7A-26DEC1260218}.Ad-Hoc|x64.ActiveCfg = Release|Any CPU
		{ACE6FCB7-06A8-4A0E-9B7A-26DEC1260218}.Ad-Hoc|x64.Build.0 = Release|Any CPU
		{ACE6FCB7-06A8-4A0E-9B7A-26DEC1260218}.Ad-Hoc|x64.Deploy.0 = Release|Any CPU
		{ACE6FCB7-06A8-4A0E-9B7A-26DEC1260218}.Ad-Hoc|x86.ActiveCfg = Release|Any CPU
		{ACE6FCB7-06A8-4A0E-9B7A-26DEC1260218}.Ad-Hoc|x86.Build.0 = Release|Any CPU
		{ACE6FCB7-06A8-4A0E-9B7A-26DEC1260218}.Ad-Hoc|x86.Deploy.0 = Release|Any CPU
		{ACE6FCB7-06A8-4A0E-9B7A-26DEC1260218}.AppStore|Any CPU.ActiveCfg = Release|Any CPU
		{ACE6FCB7-06A8-4A0E-9B7A-26DEC1260218}.AppStore|Any CPU.Build.0 = Release|Any CPU
		{ACE6FCB7-06A8-4A0E-9B7A-26DEC1260218}.AppStore|Any CPU.Deploy.0 = Release|Any CPU
		{ACE6FCB7-06A8-4A0E-9B7A-26DEC1260218}.AppStore|ARM.ActiveCfg = Release|Any CPU
		{ACE6FCB7-06A8-4A0E-9B7A-26DEC1260218}.AppStore|ARM.Build.0 = Release|Any CPU
		{ACE6FCB7-06A8-4A0E-9B7A-26DEC1260218}.AppStore|ARM.Deploy.0 = Release|Any CPU
		{ACE6FCB7-06A8-4A0E-9B7A-26DEC1260218}.AppStore|iPhone.ActiveCfg = Release|Any CPU
		{ACE6FCB7-06A8-4A0E-9B7A-26DEC1260218}.AppStore|iPhone.Build.0 = Release|Any CPU
		{ACE6FCB7-06A8-4A0E-9B7A-26DEC1260218}.AppStore|iPhone.Deploy.0 = Release|Any CPU
		{ACE6FCB7-06A8-4A0E-9B7A-26DEC1260218}.AppStore|iPhoneSimulator.ActiveCfg = Release|Any CPU
		{ACE6FCB7-06A8-4A0E-9B7A-26DEC1260218}.AppStore|iPhoneSimulator.Build.0 = Release|Any CPU
		{ACE6FCB7-06A8-4A0E-9B7A-26DEC1260218}.AppStore|iPhoneSimulator.Deploy.0 = Release|Any CPU
		{ACE6FCB7-06A8-4A0E-9B7A-26DEC1260218}.AppStore|x64.ActiveCfg = Release|Any CPU
		{ACE6FCB7-06A8-4A0E-9B7A-26DEC1260218}.AppStore|x64.Build.0 = Release|Any CPU
		{ACE6FCB7-06A8-4A0E-9B7A-26DEC1260218}.AppStore|x64.Deploy.0 = Release|Any CPU
		{ACE6FCB7-06A8-4A0E-9B7A-26DEC1260218}.AppStore|x86.ActiveCfg = Release|Any CPU
		{ACE6FCB7-06A8-4A0E-9B7A-26DEC1260218}.AppStore|x86.Build.0 = Release|Any CPU
		{ACE6FCB7-06A8-4A0E-9B7A-26DEC1260218}.AppStore|x86.Deploy.0 = Release|Any CPU
		{ACE6FCB7-06A8-4A0E-9B7A-26DEC1260218}.Debug|Any CPU.ActiveCfg = Debug|Any CPU
		{ACE6FCB7-06A8-4A0E-9B7A-26DEC1260218}.Debug|Any CPU.Build.0 = Debug|Any CPU
		{ACE6FCB7-06A8-4A0E-9B7A-26DEC1260218}.Debug|Any CPU.Deploy.0 = Debug|Any CPU
		{ACE6FCB7-06A8-4A0E-9B7A-26DEC1260218}.Debug|ARM.ActiveCfg = Debug|Any CPU
		{ACE6FCB7-06A8-4A0E-9B7A-26DEC1260218}.Debug|ARM.Build.0 = Debug|Any CPU
		{ACE6FCB7-06A8-4A0E-9B7A-26DEC1260218}.Debug|ARM.Deploy.0 = Debug|Any CPU
		{ACE6FCB7-06A8-4A0E-9B7A-26DEC1260218}.Debug|iPhone.ActiveCfg = Debug|Any CPU
		{ACE6FCB7-06A8-4A0E-9B7A-26DEC1260218}.Debug|iPhone.Build.0 = Debug|Any CPU
		{ACE6FCB7-06A8-4A0E-9B7A-26DEC1260218}.Debug|iPhone.Deploy.0 = Debug|Any CPU
		{ACE6FCB7-06A8-4A0E-9B7A-26DEC1260218}.Debug|iPhoneSimulator.ActiveCfg = Debug|Any CPU
		{ACE6FCB7-06A8-4A0E-9B7A-26DEC1260218}.Debug|iPhoneSimulator.Build.0 = Debug|Any CPU
		{ACE6FCB7-06A8-4A0E-9B7A-26DEC1260218}.Debug|iPhoneSimulator.Deploy.0 = Debug|Any CPU
		{ACE6FCB7-06A8-4A0E-9B7A-26DEC1260218}.Debug|x64.ActiveCfg = Debug|Any CPU
		{ACE6FCB7-06A8-4A0E-9B7A-26DEC1260218}.Debug|x64.Build.0 = Debug|Any CPU
		{ACE6FCB7-06A8-4A0E-9B7A-26DEC1260218}.Debug|x64.Deploy.0 = Debug|Any CPU
		{ACE6FCB7-06A8-4A0E-9B7A-26DEC1260218}.Debug|x86.ActiveCfg = Debug|Any CPU
		{ACE6FCB7-06A8-4A0E-9B7A-26DEC1260218}.Debug|x86.Build.0 = Debug|Any CPU
		{ACE6FCB7-06A8-4A0E-9B7A-26DEC1260218}.Debug|x86.Deploy.0 = Debug|Any CPU
		{ACE6FCB7-06A8-4A0E-9B7A-26DEC1260218}.Release|Any CPU.ActiveCfg = Release|Any CPU
		{ACE6FCB7-06A8-4A0E-9B7A-26DEC1260218}.Release|Any CPU.Build.0 = Release|Any CPU
		{ACE6FCB7-06A8-4A0E-9B7A-26DEC1260218}.Release|Any CPU.Deploy.0 = Release|Any CPU
		{ACE6FCB7-06A8-4A0E-9B7A-26DEC1260218}.Release|ARM.ActiveCfg = Release|Any CPU
		{ACE6FCB7-06A8-4A0E-9B7A-26DEC1260218}.Release|ARM.Build.0 = Release|Any CPU
		{ACE6FCB7-06A8-4A0E-9B7A-26DEC1260218}.Release|ARM.Deploy.0 = Release|Any CPU
		{ACE6FCB7-06A8-4A0E-9B7A-26DEC1260218}.Release|iPhone.ActiveCfg = Release|Any CPU
		{ACE6FCB7-06A8-4A0E-9B7A-26DEC1260218}.Release|iPhone.Build.0 = Release|Any CPU
		{ACE6FCB7-06A8-4A0E-9B7A-26DEC1260218}.Release|iPhone.Deploy.0 = Release|Any CPU
		{ACE6FCB7-06A8-4A0E-9B7A-26DEC1260218}.Release|iPhoneSimulator.ActiveCfg = Release|Any CPU
		{ACE6FCB7-06A8-4A0E-9B7A-26DEC1260218}.Release|iPhoneSimulator.Build.0 = Release|Any CPU
		{ACE6FCB7-06A8-4A0E-9B7A-26DEC1260218}.Release|iPhoneSimulator.Deploy.0 = Release|Any CPU
		{ACE6FCB7-06A8-4A0E-9B7A-26DEC1260218}.Release|x64.ActiveCfg = Release|Any CPU
		{ACE6FCB7-06A8-4A0E-9B7A-26DEC1260218}.Release|x64.Build.0 = Release|Any CPU
		{ACE6FCB7-06A8-4A0E-9B7A-26DEC1260218}.Release|x64.Deploy.0 = Release|Any CPU
		{ACE6FCB7-06A8-4A0E-9B7A-26DEC1260218}.Release|x86.ActiveCfg = Release|Any CPU
		{ACE6FCB7-06A8-4A0E-9B7A-26DEC1260218}.Release|x86.Build.0 = Release|Any CPU
		{ACE6FCB7-06A8-4A0E-9B7A-26DEC1260218}.Release|x86.Deploy.0 = Release|Any CPU
		{CE2E040E-8246-40B7-8C41-737CEEC1D275}.Ad-Hoc|Any CPU.ActiveCfg = Ad-Hoc|iPhone
		{CE2E040E-8246-40B7-8C41-737CEEC1D275}.Ad-Hoc|ARM.ActiveCfg = Ad-Hoc|iPhone
		{CE2E040E-8246-40B7-8C41-737CEEC1D275}.Ad-Hoc|iPhone.ActiveCfg = Ad-Hoc|iPhone
		{CE2E040E-8246-40B7-8C41-737CEEC1D275}.Ad-Hoc|iPhone.Build.0 = Ad-Hoc|iPhone
		{CE2E040E-8246-40B7-8C41-737CEEC1D275}.Ad-Hoc|iPhoneSimulator.ActiveCfg = Ad-Hoc|iPhoneSimulator
		{CE2E040E-8246-40B7-8C41-737CEEC1D275}.Ad-Hoc|iPhoneSimulator.Build.0 = Ad-Hoc|iPhoneSimulator
		{CE2E040E-8246-40B7-8C41-737CEEC1D275}.Ad-Hoc|x64.ActiveCfg = Ad-Hoc|iPhone
		{CE2E040E-8246-40B7-8C41-737CEEC1D275}.Ad-Hoc|x86.ActiveCfg = Ad-Hoc|iPhone
		{CE2E040E-8246-40B7-8C41-737CEEC1D275}.AppStore|Any CPU.ActiveCfg = AppStore|iPhone
		{CE2E040E-8246-40B7-8C41-737CEEC1D275}.AppStore|ARM.ActiveCfg = AppStore|iPhone
		{CE2E040E-8246-40B7-8C41-737CEEC1D275}.AppStore|iPhone.ActiveCfg = AppStore|iPhone
		{CE2E040E-8246-40B7-8C41-737CEEC1D275}.AppStore|iPhone.Build.0 = AppStore|iPhone
		{CE2E040E-8246-40B7-8C41-737CEEC1D275}.AppStore|iPhoneSimulator.ActiveCfg = AppStore|iPhoneSimulator
		{CE2E040E-8246-40B7-8C41-737CEEC1D275}.AppStore|iPhoneSimulator.Build.0 = AppStore|iPhoneSimulator
		{CE2E040E-8246-40B7-8C41-737CEEC1D275}.AppStore|x64.ActiveCfg = AppStore|iPhone
		{CE2E040E-8246-40B7-8C41-737CEEC1D275}.AppStore|x86.ActiveCfg = AppStore|iPhone
		{CE2E040E-8246-40B7-8C41-737CEEC1D275}.Debug|Any CPU.ActiveCfg = Debug|iPhone
		{CE2E040E-8246-40B7-8C41-737CEEC1D275}.Debug|ARM.ActiveCfg = Debug|iPhone
		{CE2E040E-8246-40B7-8C41-737CEEC1D275}.Debug|iPhone.ActiveCfg = Debug|iPhone
		{CE2E040E-8246-40B7-8C41-737CEEC1D275}.Debug|iPhone.Build.0 = Debug|iPhone
		{CE2E040E-8246-40B7-8C41-737CEEC1D275}.Debug|iPhoneSimulator.ActiveCfg = Debug|iPhoneSimulator
		{CE2E040E-8246-40B7-8C41-737CEEC1D275}.Debug|iPhoneSimulator.Build.0 = Debug|iPhoneSimulator
		{CE2E040E-8246-40B7-8C41-737CEEC1D275}.Debug|x64.ActiveCfg = Debug|iPhone
		{CE2E040E-8246-40B7-8C41-737CEEC1D275}.Debug|x86.ActiveCfg = Debug|iPhone
		{CE2E040E-8246-40B7-8C41-737CEEC1D275}.Release|Any CPU.ActiveCfg = Release|iPhone
		{CE2E040E-8246-40B7-8C41-737CEEC1D275}.Release|ARM.ActiveCfg = Release|iPhone
		{CE2E040E-8246-40B7-8C41-737CEEC1D275}.Release|iPhone.ActiveCfg = Release|iPhone
		{CE2E040E-8246-40B7-8C41-737CEEC1D275}.Release|iPhone.Build.0 = Release|iPhone
		{CE2E040E-8246-40B7-8C41-737CEEC1D275}.Release|iPhoneSimulator.ActiveCfg = Release|iPhoneSimulator
		{CE2E040E-8246-40B7-8C41-737CEEC1D275}.Release|iPhoneSimulator.Build.0 = Release|iPhoneSimulator
		{CE2E040E-8246-40B7-8C41-737CEEC1D275}.Release|x64.ActiveCfg = Release|iPhone
		{CE2E040E-8246-40B7-8C41-737CEEC1D275}.Release|x86.ActiveCfg = Release|iPhone
		{A76F1A6C-38A9-46F1-AF28-B6B9B777AFB4}.Ad-Hoc|Any CPU.ActiveCfg = Release|x86
		{A76F1A6C-38A9-46F1-AF28-B6B9B777AFB4}.Ad-Hoc|Any CPU.Build.0 = Release|x86
		{A76F1A6C-38A9-46F1-AF28-B6B9B777AFB4}.Ad-Hoc|Any CPU.Deploy.0 = Release|x86
		{A76F1A6C-38A9-46F1-AF28-B6B9B777AFB4}.Ad-Hoc|ARM.ActiveCfg = Release|ARM
		{A76F1A6C-38A9-46F1-AF28-B6B9B777AFB4}.Ad-Hoc|ARM.Build.0 = Release|ARM
		{A76F1A6C-38A9-46F1-AF28-B6B9B777AFB4}.Ad-Hoc|ARM.Deploy.0 = Release|ARM
		{A76F1A6C-38A9-46F1-AF28-B6B9B777AFB4}.Ad-Hoc|iPhone.ActiveCfg = Release|x86
		{A76F1A6C-38A9-46F1-AF28-B6B9B777AFB4}.Ad-Hoc|iPhone.Build.0 = Release|x86
		{A76F1A6C-38A9-46F1-AF28-B6B9B777AFB4}.Ad-Hoc|iPhone.Deploy.0 = Release|x86
		{A76F1A6C-38A9-46F1-AF28-B6B9B777AFB4}.Ad-Hoc|iPhoneSimulator.ActiveCfg = Release|x86
		{A76F1A6C-38A9-46F1-AF28-B6B9B777AFB4}.Ad-Hoc|iPhoneSimulator.Build.0 = Release|x86
		{A76F1A6C-38A9-46F1-AF28-B6B9B777AFB4}.Ad-Hoc|iPhoneSimulator.Deploy.0 = Release|x86
		{A76F1A6C-38A9-46F1-AF28-B6B9B777AFB4}.Ad-Hoc|x64.ActiveCfg = Release|x64
		{A76F1A6C-38A9-46F1-AF28-B6B9B777AFB4}.Ad-Hoc|x64.Build.0 = Release|x64
		{A76F1A6C-38A9-46F1-AF28-B6B9B777AFB4}.Ad-Hoc|x64.Deploy.0 = Release|x64
		{A76F1A6C-38A9-46F1-AF28-B6B9B777AFB4}.Ad-Hoc|x86.ActiveCfg = Release|x86
		{A76F1A6C-38A9-46F1-AF28-B6B9B777AFB4}.Ad-Hoc|x86.Build.0 = Release|x86
		{A76F1A6C-38A9-46F1-AF28-B6B9B777AFB4}.Ad-Hoc|x86.Deploy.0 = Release|x86
		{A76F1A6C-38A9-46F1-AF28-B6B9B777AFB4}.AppStore|Any CPU.ActiveCfg = Release|x86
		{A76F1A6C-38A9-46F1-AF28-B6B9B777AFB4}.AppStore|Any CPU.Build.0 = Release|x86
		{A76F1A6C-38A9-46F1-AF28-B6B9B777AFB4}.AppStore|Any CPU.Deploy.0 = Release|x86
		{A76F1A6C-38A9-46F1-AF28-B6B9B777AFB4}.AppStore|ARM.ActiveCfg = Release|ARM
		{A76F1A6C-38A9-46F1-AF28-B6B9B777AFB4}.AppStore|ARM.Build.0 = Release|ARM
		{A76F1A6C-38A9-46F1-AF28-B6B9B777AFB4}.AppStore|ARM.Deploy.0 = Release|ARM
		{A76F1A6C-38A9-46F1-AF28-B6B9B777AFB4}.AppStore|iPhone.ActiveCfg = Release|x86
		{A76F1A6C-38A9-46F1-AF28-B6B9B777AFB4}.AppStore|iPhone.Build.0 = Release|x86
		{A76F1A6C-38A9-46F1-AF28-B6B9B777AFB4}.AppStore|iPhone.Deploy.0 = Release|x86
		{A76F1A6C-38A9-46F1-AF28-B6B9B777AFB4}.AppStore|iPhoneSimulator.ActiveCfg = Release|x86
		{A76F1A6C-38A9-46F1-AF28-B6B9B777AFB4}.AppStore|iPhoneSimulator.Build.0 = Release|x86
		{A76F1A6C-38A9-46F1-AF28-B6B9B777AFB4}.AppStore|iPhoneSimulator.Deploy.0 = Release|x86
		{A76F1A6C-38A9-46F1-AF28-B6B9B777AFB4}.AppStore|x64.ActiveCfg = Release|x64
		{A76F1A6C-38A9-46F1-AF28-B6B9B777AFB4}.AppStore|x64.Build.0 = Release|x64
		{A76F1A6C-38A9-46F1-AF28-B6B9B777AFB4}.AppStore|x64.Deploy.0 = Release|x64
		{A76F1A6C-38A9-46F1-AF28-B6B9B777AFB4}.AppStore|x86.ActiveCfg = Release|x86
		{A76F1A6C-38A9-46F1-AF28-B6B9B777AFB4}.AppStore|x86.Build.0 = Release|x86
		{A76F1A6C-38A9-46F1-AF28-B6B9B777AFB4}.AppStore|x86.Deploy.0 = Release|x86
		{A76F1A6C-38A9-46F1-AF28-B6B9B777AFB4}.Debug|Any CPU.ActiveCfg = Debug|x86
		{A76F1A6C-38A9-46F1-AF28-B6B9B777AFB4}.Debug|ARM.ActiveCfg = Debug|ARM
		{A76F1A6C-38A9-46F1-AF28-B6B9B777AFB4}.Debug|ARM.Build.0 = Debug|ARM
		{A76F1A6C-38A9-46F1-AF28-B6B9B777AFB4}.Debug|ARM.Deploy.0 = Debug|ARM
		{A76F1A6C-38A9-46F1-AF28-B6B9B777AFB4}.Debug|iPhone.ActiveCfg = Debug|x86
		{A76F1A6C-38A9-46F1-AF28-B6B9B777AFB4}.Debug|iPhoneSimulator.ActiveCfg = Debug|x86
		{A76F1A6C-38A9-46F1-AF28-B6B9B777AFB4}.Debug|x64.ActiveCfg = Debug|x64
		{A76F1A6C-38A9-46F1-AF28-B6B9B777AFB4}.Debug|x64.Build.0 = Debug|x64
		{A76F1A6C-38A9-46F1-AF28-B6B9B777AFB4}.Debug|x64.Deploy.0 = Debug|x64
		{A76F1A6C-38A9-46F1-AF28-B6B9B777AFB4}.Debug|x86.ActiveCfg = Debug|x86
		{A76F1A6C-38A9-46F1-AF28-B6B9B777AFB4}.Debug|x86.Build.0 = Debug|x86
		{A76F1A6C-38A9-46F1-AF28-B6B9B777AFB4}.Debug|x86.Deploy.0 = Debug|x86
		{A76F1A6C-38A9-46F1-AF28-B6B9B777AFB4}.Release|Any CPU.ActiveCfg = Release|x86
		{A76F1A6C-38A9-46F1-AF28-B6B9B777AFB4}.Release|ARM.ActiveCfg = Release|ARM
		{A76F1A6C-38A9-46F1-AF28-B6B9B777AFB4}.Release|ARM.Build.0 = Release|ARM
		{A76F1A6C-38A9-46F1-AF28-B6B9B777AFB4}.Release|ARM.Deploy.0 = Release|ARM
		{A76F1A6C-38A9-46F1-AF28-B6B9B777AFB4}.Release|iPhone.ActiveCfg = Release|x86
		{A76F1A6C-38A9-46F1-AF28-B6B9B777AFB4}.Release|iPhoneSimulator.ActiveCfg = Release|x86
		{A76F1A6C-38A9-46F1-AF28-B6B9B777AFB4}.Release|x64.ActiveCfg = Release|x64
		{A76F1A6C-38A9-46F1-AF28-B6B9B777AFB4}.Release|x64.Build.0 = Release|x64
		{A76F1A6C-38A9-46F1-AF28-B6B9B777AFB4}.Release|x64.Deploy.0 = Release|x64
		{A76F1A6C-38A9-46F1-AF28-B6B9B777AFB4}.Release|x86.ActiveCfg = Release|x86
		{A76F1A6C-38A9-46F1-AF28-B6B9B777AFB4}.Release|x86.Build.0 = Release|x86
		{A76F1A6C-38A9-46F1-AF28-B6B9B777AFB4}.Release|x86.Deploy.0 = Release|x86
		{C7284957-1E7A-4264-B539-721D310960CB}.Ad-Hoc|Any CPU.ActiveCfg = Debug|Any CPU
		{C7284957-1E7A-4264-B539-721D310960CB}.Ad-Hoc|Any CPU.Build.0 = Debug|Any CPU
		{C7284957-1E7A-4264-B539-721D310960CB}.Ad-Hoc|ARM.ActiveCfg = Debug|Any CPU
		{C7284957-1E7A-4264-B539-721D310960CB}.Ad-Hoc|ARM.Build.0 = Debug|Any CPU
		{C7284957-1E7A-4264-B539-721D310960CB}.Ad-Hoc|iPhone.ActiveCfg = Debug|Any CPU
		{C7284957-1E7A-4264-B539-721D310960CB}.Ad-Hoc|iPhone.Build.0 = Debug|Any CPU
		{C7284957-1E7A-4264-B539-721D310960CB}.Ad-Hoc|iPhoneSimulator.ActiveCfg = Debug|Any CPU
		{C7284957-1E7A-4264-B539-721D310960CB}.Ad-Hoc|iPhoneSimulator.Build.0 = Debug|Any CPU
		{C7284957-1E7A-4264-B539-721D310960CB}.Ad-Hoc|x64.ActiveCfg = Debug|Any CPU
		{C7284957-1E7A-4264-B539-721D310960CB}.Ad-Hoc|x64.Build.0 = Debug|Any CPU
		{C7284957-1E7A-4264-B539-721D310960CB}.Ad-Hoc|x86.ActiveCfg = Debug|Any CPU
		{C7284957-1E7A-4264-B539-721D310960CB}.Ad-Hoc|x86.Build.0 = Debug|Any CPU
		{C7284957-1E7A-4264-B539-721D310960CB}.AppStore|Any CPU.ActiveCfg = Debug|Any CPU
		{C7284957-1E7A-4264-B539-721D310960CB}.AppStore|Any CPU.Build.0 = Debug|Any CPU
		{C7284957-1E7A-4264-B539-721D310960CB}.AppStore|ARM.ActiveCfg = Debug|Any CPU
		{C7284957-1E7A-4264-B539-721D310960CB}.AppStore|ARM.Build.0 = Debug|Any CPU
		{C7284957-1E7A-4264-B539-721D310960CB}.AppStore|iPhone.ActiveCfg = Debug|Any CPU
		{C7284957-1E7A-4264-B539-721D310960CB}.AppStore|iPhone.Build.0 = Debug|Any CPU
		{C7284957-1E7A-4264-B539-721D310960CB}.AppStore|iPhoneSimulator.ActiveCfg = Debug|Any CPU
		{C7284957-1E7A-4264-B539-721D310960CB}.AppStore|iPhoneSimulator.Build.0 = Debug|Any CPU
		{C7284957-1E7A-4264-B539-721D310960CB}.AppStore|x64.ActiveCfg = Debug|Any CPU
		{C7284957-1E7A-4264-B539-721D310960CB}.AppStore|x64.Build.0 = Debug|Any CPU
		{C7284957-1E7A-4264-B539-721D310960CB}.AppStore|x86.ActiveCfg = Debug|Any CPU
		{C7284957-1E7A-4264-B539-721D310960CB}.AppStore|x86.Build.0 = Debug|Any CPU
		{C7284957-1E7A-4264-B539-721D310960CB}.Debug|Any CPU.ActiveCfg = Debug|Any CPU
		{C7284957-1E7A-4264-B539-721D310960CB}.Debug|Any CPU.Build.0 = Debug|Any CPU
		{C7284957-1E7A-4264-B539-721D310960CB}.Debug|ARM.ActiveCfg = Debug|Any CPU
		{C7284957-1E7A-4264-B539-721D310960CB}.Debug|ARM.Build.0 = Debug|Any CPU
		{C7284957-1E7A-4264-B539-721D310960CB}.Debug|iPhone.ActiveCfg = Debug|Any CPU
		{C7284957-1E7A-4264-B539-721D310960CB}.Debug|iPhone.Build.0 = Debug|Any CPU
		{C7284957-1E7A-4264-B539-721D310960CB}.Debug|iPhoneSimulator.ActiveCfg = Debug|Any CPU
		{C7284957-1E7A-4264-B539-721D310960CB}.Debug|iPhoneSimulator.Build.0 = Debug|Any CPU
		{C7284957-1E7A-4264-B539-721D310960CB}.Debug|x64.ActiveCfg = Debug|Any CPU
		{C7284957-1E7A-4264-B539-721D310960CB}.Debug|x64.Build.0 = Debug|Any CPU
		{C7284957-1E7A-4264-B539-721D310960CB}.Debug|x86.ActiveCfg = Debug|Any CPU
		{C7284957-1E7A-4264-B539-721D310960CB}.Debug|x86.Build.0 = Debug|Any CPU
		{C7284957-1E7A-4264-B539-721D310960CB}.Release|Any CPU.ActiveCfg = Release|Any CPU
		{C7284957-1E7A-4264-B539-721D310960CB}.Release|Any CPU.Build.0 = Release|Any CPU
		{C7284957-1E7A-4264-B539-721D310960CB}.Release|ARM.ActiveCfg = Release|Any CPU
		{C7284957-1E7A-4264-B539-721D310960CB}.Release|ARM.Build.0 = Release|Any CPU
		{C7284957-1E7A-4264-B539-721D310960CB}.Release|iPhone.ActiveCfg = Release|Any CPU
		{C7284957-1E7A-4264-B539-721D310960CB}.Release|iPhone.Build.0 = Release|Any CPU
		{C7284957-1E7A-4264-B539-721D310960CB}.Release|iPhoneSimulator.ActiveCfg = Release|Any CPU
		{C7284957-1E7A-4264-B539-721D310960CB}.Release|iPhoneSimulator.Build.0 = Release|Any CPU
		{C7284957-1E7A-4264-B539-721D310960CB}.Release|x64.ActiveCfg = Release|Any CPU
		{C7284957-1E7A-4264-B539-721D310960CB}.Release|x64.Build.0 = Release|Any CPU
		{C7284957-1E7A-4264-B539-721D310960CB}.Release|x86.ActiveCfg = Release|Any CPU
		{C7284957-1E7A-4264-B539-721D310960CB}.Release|x86.Build.0 = Release|Any CPU
	EndGlobalSection
	GlobalSection(SolutionProperties) = preSolution
		HideSolutionNode = FALSE
	EndGlobalSection
	GlobalSection(ExtensibilityGlobals) = postSolution
		SolutionGuid = {E8C3E2C8-7576-4B5C-9BE2-1066D619A420}
	EndGlobalSection
EndGlobal
